
Microsoft Visual Studio Solution File, Format Version 12.00
# Visual Studio Version 17
VisualStudioVersion = 17.0.31903.59
MinimumVisualStudioVersion = 10.0.40219.1
Project("{2150E333-8FDC-42A3-9474-1A3956D46DE8}") = "src", "src", "{827E0CD3-B72D-47B6-A68D-7590B98EB39B}"
EndProject
Project("{FAE04EC0-301F-11D3-BF4B-00C04F79EFBC}") = "UserService", "src\UserService\UserService.csproj", "{4E970CE4-D638-4B1E-B361-A72DE3D85C41}"
EndProject
Project("{FAE04EC0-301F-11D3-BF4B-00C04F79EFBC}") = "VideoService", "src\VideoService\VideoService.csproj", "{1712917D-BFD8-404C-9F0E-BCC89F9B3AF2}"
EndProject
Project("{FAE04EC0-301F-11D3-BF4B-00C04F79EFBC}") = "InteractionService", "src\InteractionService\InteractionService.csproj", "{36F403DB-8F44-445E-8508-946FAC7439E7}"
EndProject
Project("{FAE04EC0-301F-11D3-BF4B-00C04F79EFBC}") = "NotificationService", "src\NotificationService\NotificationService.csproj", "{F2C11FA3-D390-4C1D-BF7B-2593A1F6EFEE}"
EndProject
Project("{FAE04EC0-301F-11D3-BF4B-00C04F79EFBC}") = "ApiGateway", "src\ApiGateway\ApiGateway.csproj", "{90CF3B54-D20E-4892-B13D-491FED82B664}"
EndProject
Project("{2150E333-8FDC-42A3-9474-1A3956D46DE8}") = "tests", "tests", "{0AB3BF05-4346-4AA6-1389-037BE0695223}"
EndProject
Project("{FAE04EC0-301F-11D3-BF4B-00C04F79EFBC}") = "UserService.Tests", "tests\UserService.Tests\UserService.Tests.csproj", "{A068995F-FAB7-4777-892F-1CE76BB22AEB}"
EndProject
Global
	GlobalSection(SolutionConfigurationPlatforms) = preSolution
		Debug|Any CPU = Debug|Any CPU
		Debug|x64 = Debug|x64
		Debug|x86 = Debug|x86
		Release|Any CPU = Release|Any CPU
		Release|x64 = Release|x64
		Release|x86 = Release|x86
	EndGlobalSection
	GlobalSection(ProjectConfigurationPlatforms) = postSolution
		{4E970CE4-D638-4B1E-B361-A72DE3D85C41}.Debug|Any CPU.ActiveCfg = Debug|Any CPU
		{4E970CE4-D638-4B1E-B361-A72DE3D85C41}.Debug|Any CPU.Build.0 = Debug|Any CPU
		{4E970CE4-D638-4B1E-B361-A72DE3D85C41}.Debug|x64.ActiveCfg = Debug|Any CPU
		{4E970CE4-D638-4B1E-B361-A72DE3D85C41}.Debug|x64.Build.0 = Debug|Any CPU
		{4E970CE4-D638-4B1E-B361-A72DE3D85C41}.Debug|x86.ActiveCfg = Debug|Any CPU
		{4E970CE4-D638-4B1E-B361-A72DE3D85C41}.Debug|x86.Build.0 = Debug|Any CPU
		{4E970CE4-D638-4B1E-B361-A72DE3D85C41}.Release|Any CPU.ActiveCfg = Release|Any CPU
		{4E970CE4-D638-4B1E-B361-A72DE3D85C41}.Release|Any CPU.Build.0 = Release|Any CPU
		{4E970CE4-D638-4B1E-B361-A72DE3D85C41}.Release|x64.ActiveCfg = Release|Any CPU
		{4E970CE4-D638-4B1E-B361-A72DE3D85C41}.Release|x64.Build.0 = Release|Any CPU
		{4E970CE4-D638-4B1E-B361-A72DE3D85C41}.Release|x86.ActiveCfg = Release|Any CPU
		{4E970CE4-D638-4B1E-B361-A72DE3D85C41}.Release|x86.Build.0 = Release|Any CPU
		{1712917D-BFD8-404C-9F0E-BCC89F9B3AF2}.Debug|Any CPU.ActiveCfg = Debug|Any CPU
		{1712917D-BFD8-404C-9F0E-BCC89F9B3AF2}.Debug|Any CPU.Build.0 = Debug|Any CPU
		{1712917D-BFD8-404C-9F0E-BCC89F9B3AF2}.Debug|x64.ActiveCfg = Debug|Any CPU
		{1712917D-BFD8-404C-9F0E-BCC89F9B3AF2}.Debug|x64.Build.0 = Debug|Any CPU
		{1712917D-BFD8-404C-9F0E-BCC89F9B3AF2}.Debug|x86.ActiveCfg = Debug|Any CPU
		{1712917D-BFD8-404C-9F0E-BCC89F9B3AF2}.Debug|x86.Build.0 = Debug|Any CPU
		{1712917D-BFD8-404C-9F0E-BCC89F9B3AF2}.Release|Any CPU.ActiveCfg = Release|Any CPU
		{1712917D-BFD8-404C-9F0E-BCC89F9B3AF2}.Release|Any CPU.Build.0 = Release|Any CPU
		{1712917D-BFD8-404C-9F0E-BCC89F9B3AF2}.Release|x64.ActiveCfg = Release|Any CPU
		{1712917D-BFD8-404C-9F0E-BCC89F9B3AF2}.Release|x64.Build.0 = Release|Any CPU
		{1712917D-BFD8-404C-9F0E-BCC89F9B3AF2}.Release|x86.ActiveCfg = Release|Any CPU
		{1712917D-BFD8-404C-9F0E-BCC89F9B3AF2}.Release|x86.Build.0 = Release|Any CPU
		{36F403DB-8F44-445E-8508-946FAC7439E7}.Debug|Any CPU.ActiveCfg = Debug|Any CPU
		{36F403DB-8F44-445E-8508-946FAC7439E7}.Debug|Any CPU.Build.0 = Debug|Any CPU
		{36F403DB-8F44-445E-8508-946FAC7439E7}.Debug|x64.ActiveCfg = Debug|Any CPU
		{36F403DB-8F44-445E-8508-946FAC7439E7}.Debug|x64.Build.0 = Debug|Any CPU
		{36F403DB-8F44-445E-8508-946FAC7439E7}.Debug|x86.ActiveCfg = Debug|Any CPU
		{36F403DB-8F44-445E-8508-946FAC7439E7}.Debug|x86.Build.0 = Debug|Any CPU
		{36F403DB-8F44-445E-8508-946FAC7439E7}.Release|Any CPU.ActiveCfg = Release|Any CPU
		{36F403DB-8F44-445E-8508-946FAC7439E7}.Release|Any CPU.Build.0 = Release|Any CPU
		{36F403DB-8F44-445E-8508-946FAC7439E7}.Release|x64.ActiveCfg = Release|Any CPU
		{36F403DB-8F44-445E-8508-946FAC7439E7}.Release|x64.Build.0 = Release|Any CPU
		{36F403DB-8F44-445E-8508-946FAC7439E7}.Release|x86.ActiveCfg = Release|Any CPU
		{36F403DB-8F44-445E-8508-946FAC7439E7}.Release|x86.Build.0 = Release|Any CPU
		{F2C11FA3-D390-4C1D-BF7B-2593A1F6EFEE}.Debug|Any CPU.ActiveCfg = Debug|Any CPU
		{F2C11FA3-D390-4C1D-BF7B-2593A1F6EFEE}.Debug|Any CPU.Build.0 = Debug|Any CPU
		{F2C11FA3-D390-4C1D-BF7B-2593A1F6EFEE}.Debug|x64.ActiveCfg = Debug|Any CPU
		{F2C11FA3-D390-4C1D-BF7B-2593A1F6EFEE}.Debug|x64.Build.0 = Debug|Any CPU
		{F2C11FA3-D390-4C1D-BF7B-2593A1F6EFEE}.Debug|x86.ActiveCfg = Debug|Any CPU
		{F2C11FA3-D390-4C1D-BF7B-2593A1F6EFEE}.Debug|x86.Build.0 = Debug|Any CPU
		{F2C11FA3-D390-4C1D-BF7B-2593A1F6EFEE}.Release|Any CPU.ActiveCfg = Release|Any CPU
		{F2C11FA3-D390-4C1D-BF7B-2593A1F6EFEE}.Release|Any CPU.Build.0 = Release|Any CPU
		{F2C11FA3-D390-4C1D-BF7B-2593A1F6EFEE}.Release|x64.ActiveCfg = Release|Any CPU
		{F2C11FA3-D390-4C1D-BF7B-2593A1F6EFEE}.Release|x64.Build.0 = Release|Any CPU
		{F2C11FA3-D390-4C1D-BF7B-2593A1F6EFEE}.Release|x86.ActiveCfg = Release|Any CPU
		{F2C11FA3-D390-4C1D-BF7B-2593A1F6EFEE}.Release|x86.Build.0 = Release|Any CPU
		{90CF3B54-D20E-4892-B13D-491FED82B664}.Debug|Any CPU.ActiveCfg = Debug|Any CPU
		{90CF3B54-D20E-4892-B13D-491FED82B664}.Debug|Any CPU.Build.0 = Debug|Any CPU
		{90CF3B54-D20E-4892-B13D-491FED82B664}.Debug|x64.ActiveCfg = Debug|Any CPU
		{90CF3B54-D20E-4892-B13D-491FED82B664}.Debug|x64.Build.0 = Debug|Any CPU
		{90CF3B54-D20E-4892-B13D-491FED82B664}.Debug|x86.ActiveCfg = Debug|Any CPU
		{90CF3B54-D20E-4892-B13D-491FED82B664}.Debug|x86.Build.0 = Debug|Any CPU
		{90CF3B54-D20E-4892-B13D-491FED82B664}.Release|Any CPU.ActiveCfg = Release|Any CPU
		{90CF3B54-D20E-4892-B13D-491FED82B664}.Release|Any CPU.Build.0 = Release|Any CPU
		{90CF3B54-D20E-4892-B13D-491FED82B664}.Release|x64.ActiveCfg = Release|Any CPU
		{90CF3B54-D20E-4892-B13D-491FED82B664}.Release|x64.Build.0 = Release|Any CPU
		{90CF3B54-D20E-4892-B13D-491FED82B664}.Release|x86.ActiveCfg = Release|Any CPU
		{90CF3B54-D20E-4892-B13D-491FED82B664}.Release|x86.Build.0 = Release|Any CPU
		{A068995F-FAB7-4777-892F-1CE76BB22AEB}.Debug|Any CPU.ActiveCfg = Debug|Any CPU
		{A068995F-FAB7-4777-892F-1CE76BB22AEB}.Debug|Any CPU.Build.0 = Debug|Any CPU
		{A068995F-FAB7-4777-892F-1CE76BB22AEB}.Debug|x64.ActiveCfg = Debug|Any CPU
		{A068995F-FAB7-4777-892F-1CE76BB22AEB}.Debug|x64.Build.0 = Debug|Any CPU
		{A068995F-FAB7-4777-892F-1CE76BB22AEB}.Debug|x86.ActiveCfg = Debug|Any CPU
		{A068995F-FAB7-4777-892F-1CE76BB22AEB}.Debug|x86.Build.0 = Debug|Any CPU
		{A068995F-FAB7-4777-892F-1CE76BB22AEB}.Release|Any CPU.ActiveCfg = Release|Any CPU
		{A068995F-FAB7-4777-892F-1CE76BB22AEB}.Release|Any CPU.Build.0 = Release|Any CPU
		{A068995F-FAB7-4777-892F-1CE76BB22AEB}.Release|x64.ActiveCfg = Release|Any CPU
		{A068995F-FAB7-4777-892F-1CE76BB22AEB}.Release|x64.Build.0 = Release|Any CPU
		{A068995F-FAB7-4777-892F-1CE76BB22AEB}.Release|x86.ActiveCfg = Release|Any CPU
		{A068995F-FAB7-4777-892F-1CE76BB22AEB}.Release|x86.Build.0 = Release|Any CPU
	EndGlobalSection
	GlobalSection(SolutionProperties) = preSolution
		HideSolutionNode = FALSE
	EndGlobalSection
	GlobalSection(NestedProjects) = preSolution
		{4E970CE4-D638-4B1E-B361-A72DE3D85C41} = {827E0CD3-B72D-47B6-A68D-7590B98EB39B}
		{1712917D-BFD8-404C-9F0E-BCC89F9B3AF2} = {827E0CD3-B72D-47B6-A68D-7590B98EB39B}
		{36F403DB-8F44-445E-8508-946FAC7439E7} = {827E0CD3-B72D-47B6-A68D-7590B98EB39B}
		{F2C11FA3-D390-4C1D-BF7B-2593A1F6EFEE} = {827E0CD3-B72D-47B6-A68D-7590B98EB39B}
		{90CF3B54-D20E-4892-B13D-491FED82B664} = {827E0CD3-B72D-47B6-A68D-7590B98EB39B}
		{A068995F-FAB7-4777-892F-1CE76BB22AEB} = {0AB3BF05-4346-4AA6-1389-037BE0695223}
	EndGlobalSection
EndGlobal
