
Microsoft Visual Studio Solution File, Format Version 12.00
# Visual Studio Version 17
VisualStudioVersion = 17.14.36301.6
MinimumVisualStudioVersion = 10.0.40219.1
Project("{2150E333-8FDC-42A3-9474-1A3956D46DE8}") = "Gateway", "Gateway", "{02EA681E-C7D8-13C7-8484-4AC65E1B71E8}"
EndProject
Project("{2150E333-8FDC-42A3-9474-1A3956D46DE8}") = "Services", "Services", "{322575D6-175A-4763-938D-75F2C54F6F59}"
EndProject
Project("{2150E333-8FDC-42A3-9474-1A3956D46DE8}") = "Identity", "Identity", "{ABD392E9-91AD-4490-89F8-A65F399DBB64}"
EndProject
Project("{FAE04EC0-301F-11D3-BF4B-00C04F79EFBC}") = "Identity.Web", "Services\Identity\src\Identity.Web\Identity.Web.csproj", "{87887B92-B621-4565-B812-6A5D11F2A3DC}"
EndProject
Project("{2150E333-8FDC-42A3-9474-1A3956D46DE8}") = "Interaction", "Interaction", "{C3A338F8-55F6-4CBD-9697-2DB5A398C554}"
EndProject
Project("{2150E333-8FDC-42A3-9474-1A3956D46DE8}") = "User", "User", "{E0711002-D981-47AF-8D0F-A822996C84A3}"
EndProject
Project("{2150E333-8FDC-42A3-9474-1A3956D46DE8}") = "Video", "Video", "{A5D3B098-E651-4696-A791-D1E00712A986}"
EndProject
Project("{FAE04EC0-301F-11D3-BF4B-00C04F79EFBC}") = "Interaction.Web", "Services\Interaction\Interaction.Web\Interaction.Web.csproj", "{C73D8B91-4241-4C73-8B03-439A25F0CC8D}"
EndProject
Project("{FAE04EC0-301F-11D3-BF4B-00C04F79EFBC}") = "User.Web", "Services\User\User.Web\User.Web.csproj", "{162D5DC4-266C-4665-96B8-BF56615E7F0D}"
EndProject
Project("{FAE04EC0-301F-11D3-BF4B-00C04F79EFBC}") = "Video.Web", "Services\Video\Video.Web\Video.Web.csproj", "{3B111CB9-93C4-4964-AA81-27ED706F7C44}"
EndProject
Project("{FAE04EC0-301F-11D3-BF4B-00C04F79EFBC}") = "APIGateway.Web", "Gateway\APIGateway.Web\APIGateway.Web.csproj", "{F808B75F-A62F-4823-9F92-CB931E6CAF16}"
EndProject
Project("{FAE04EC0-301F-11D3-BF4B-00C04F79EFBC}") = "Identity.Application", "Services\Identity\src\Identity.Application\Identity.Application.csproj", "{6CBF0363-EB58-47F7-B899-B1C5914A1125}"
EndProject
Project("{FAE04EC0-301F-11D3-BF4B-00C04F79EFBC}") = "Identity.Domain", "Services\Identity\src\Identity.Domain\Identity.Domain.csproj", "{FFAE74F1-C9DD-4712-AAB5-52B8B29AF082}"
EndProject
Project("{FAE04EC0-301F-11D3-BF4B-00C04F79EFBC}") = "Identity.Infrastructure", "Services\Identity\src\Identity.Infrastructure\Identity.Infrastructure.csproj", "{C6F6EC20-18BA-4755-B745-055511468700}"
EndProject
Project("{2150E333-8FDC-42A3-9474-1A3956D46DE8}") = "src", "src", "{456228CE-35FC-4FE3-89B6-1246B8BD821D}"
EndProject
Project("{2150E333-8FDC-42A3-9474-1A3956D46DE8}") = "Tests", "Tests", "{D5EFF528-E0E9-426A-831A-F0581851E215}"
EndProject
Project("{2150E333-8FDC-42A3-9474-1A3956D46DE8}") = "Shared", "Shared", "{4F52FD11-658E-A102-6CD3-7D7C16FFA15B}"
EndProject
Project("{FAE04EC0-301F-11D3-BF4B-00C04F79EFBC}") = "TiktokClone.SharedKernel", "Shared\TiktokClone.SharedKernel\TiktokClone.SharedKernel.csproj", "{00BC4BBE-05D7-427E-9471-647D6535F045}"
EndProject
Project("{FAE04EC0-301F-11D3-BF4B-00C04F79EFBC}") = "Video.Domain", "Services\Video\Video.Domain\Video.Domain.csproj", "{A0951BC0-2C32-4526-A2E2-966D4241FC23}"
EndProject
Project("{FAE04EC0-301F-11D3-BF4B-00C04F79EFBC}") = "Video.Application", "Services\Video\Video.Application\Video.Application.csproj", "{8FA7470D-E3F8-4CD3-BA96-484C7637F4DB}"
EndProject
Project("{FAE04EC0-301F-11D3-BF4B-00C04F79EFBC}") = "Video.Infrastructure", "Services\Video\Video.Infrastructure\Video.Infrastructure.csproj", "{5B850CB2-6ECF-438E-B0D9-BE867720CCAB}"
EndProject
Project("{FAE04EC0-301F-11D3-BF4B-00C04F79EFBC}") = "Interaction.Domain", "Services\Interaction\Interaction.Domain\Interaction.Domain.csproj", "{4EF592AC-685E-4CFD-A57D-762861F6E713}"
EndProject
Project("{FAE04EC0-301F-11D3-BF4B-00C04F79EFBC}") = "Interaction.Application", "Services\Interaction\Interaction.Application\Interaction.Application.csproj", "{3AD03BB6-C645-4109-A646-61615A561C31}"
EndProject
Project("{FAE04EC0-301F-11D3-BF4B-00C04F79EFBC}") = "Interaction.Infrastructure", "Services\Interaction\Interaction.Infrastructure\Interaction.Infrastructure.csproj", "{E90D4AD7-2A2A-4251-A006-2D881625A420}"
EndProject
Global
	GlobalSection(SolutionConfigurationPlatforms) = preSolution
		Debug|Any CPU = Debug|Any CPU
		Debug|x64 = Debug|x64
		Debug|x86 = Debug|x86
		Release|Any CPU = Release|Any CPU
		Release|x64 = Release|x64
		Release|x86 = Release|x86
	EndGlobalSection
	GlobalSection(ProjectConfigurationPlatforms) = postSolution
		{87887B92-B621-4565-B812-6A5D11F2A3DC}.Debug|Any CPU.ActiveCfg = Debug|Any CPU
		{87887B92-B621-4565-B812-6A5D11F2A3DC}.Debug|Any CPU.Build.0 = Debug|Any CPU
		{87887B92-B621-4565-B812-6A5D11F2A3DC}.Debug|x64.ActiveCfg = Debug|Any CPU
		{87887B92-B621-4565-B812-6A5D11F2A3DC}.Debug|x64.Build.0 = Debug|Any CPU
		{87887B92-B621-4565-B812-6A5D11F2A3DC}.Debug|x86.ActiveCfg = Debug|Any CPU
		{87887B92-B621-4565-B812-6A5D11F2A3DC}.Debug|x86.Build.0 = Debug|Any CPU
		{87887B92-B621-4565-B812-6A5D11F2A3DC}.Release|Any CPU.ActiveCfg = Release|Any CPU
		{87887B92-B621-4565-B812-6A5D11F2A3DC}.Release|Any CPU.Build.0 = Release|Any CPU
		{87887B92-B621-4565-B812-6A5D11F2A3DC}.Release|x64.ActiveCfg = Release|Any CPU
		{87887B92-B621-4565-B812-6A5D11F2A3DC}.Release|x64.Build.0 = Release|Any CPU
		{87887B92-B621-4565-B812-6A5D11F2A3DC}.Release|x86.ActiveCfg = Release|Any CPU
		{87887B92-B621-4565-B812-6A5D11F2A3DC}.Release|x86.Build.0 = Release|Any CPU
		{C73D8B91-4241-4C73-8B03-439A25F0CC8D}.Debug|Any CPU.ActiveCfg = Debug|Any CPU
		{C73D8B91-4241-4C73-8B03-439A25F0CC8D}.Debug|Any CPU.Build.0 = Debug|Any CPU
		{C73D8B91-4241-4C73-8B03-439A25F0CC8D}.Debug|x64.ActiveCfg = Debug|Any CPU
		{C73D8B91-4241-4C73-8B03-439A25F0CC8D}.Debug|x64.Build.0 = Debug|Any CPU
		{C73D8B91-4241-4C73-8B03-439A25F0CC8D}.Debug|x86.ActiveCfg = Debug|Any CPU
		{C73D8B91-4241-4C73-8B03-439A25F0CC8D}.Debug|x86.Build.0 = Debug|Any CPU
		{C73D8B91-4241-4C73-8B03-439A25F0CC8D}.Release|Any CPU.ActiveCfg = Release|Any CPU
		{C73D8B91-4241-4C73-8B03-439A25F0CC8D}.Release|Any CPU.Build.0 = Release|Any CPU
		{C73D8B91-4241-4C73-8B03-439A25F0CC8D}.Release|x64.ActiveCfg = Release|Any CPU
		{C73D8B91-4241-4C73-8B03-439A25F0CC8D}.Release|x64.Build.0 = Release|Any CPU
		{C73D8B91-4241-4C73-8B03-439A25F0CC8D}.Release|x86.ActiveCfg = Release|Any CPU
		{C73D8B91-4241-4C73-8B03-439A25F0CC8D}.Release|x86.Build.0 = Release|Any CPU
		{162D5DC4-266C-4665-96B8-BF56615E7F0D}.Debug|Any CPU.ActiveCfg = Debug|Any CPU
		{162D5DC4-266C-4665-96B8-BF56615E7F0D}.Debug|Any CPU.Build.0 = Debug|Any CPU
		{162D5DC4-266C-4665-96B8-BF56615E7F0D}.Debug|x64.ActiveCfg = Debug|Any CPU
		{162D5DC4-266C-4665-96B8-BF56615E7F0D}.Debug|x64.Build.0 = Debug|Any CPU
		{162D5DC4-266C-4665-96B8-BF56615E7F0D}.Debug|x86.ActiveCfg = Debug|Any CPU
		{162D5DC4-266C-4665-96B8-BF56615E7F0D}.Debug|x86.Build.0 = Debug|Any CPU
		{162D5DC4-266C-4665-96B8-BF56615E7F0D}.Release|Any CPU.ActiveCfg = Release|Any CPU
		{162D5DC4-266C-4665-96B8-BF56615E7F0D}.Release|Any CPU.Build.0 = Release|Any CPU
		{162D5DC4-266C-4665-96B8-BF56615E7F0D}.Release|x64.ActiveCfg = Release|Any CPU
		{162D5DC4-266C-4665-96B8-BF56615E7F0D}.Release|x64.Build.0 = Release|Any CPU
		{162D5DC4-266C-4665-96B8-BF56615E7F0D}.Release|x86.ActiveCfg = Release|Any CPU
		{162D5DC4-266C-4665-96B8-BF56615E7F0D}.Release|x86.Build.0 = Release|Any CPU
		{3B111CB9-93C4-4964-AA81-27ED706F7C44}.Debug|Any CPU.ActiveCfg = Debug|Any CPU
		{3B111CB9-93C4-4964-AA81-27ED706F7C44}.Debug|Any CPU.Build.0 = Debug|Any CPU
		{3B111CB9-93C4-4964-AA81-27ED706F7C44}.Debug|x64.ActiveCfg = Debug|Any CPU
		{3B111CB9-93C4-4964-AA81-27ED706F7C44}.Debug|x64.Build.0 = Debug|Any CPU
		{3B111CB9-93C4-4964-AA81-27ED706F7C44}.Debug|x86.ActiveCfg = Debug|Any CPU
		{3B111CB9-93C4-4964-AA81-27ED706F7C44}.Debug|x86.Build.0 = Debug|Any CPU
		{3B111CB9-93C4-4964-AA81-27ED706F7C44}.Release|Any CPU.ActiveCfg = Release|Any CPU
		{3B111CB9-93C4-4964-AA81-27ED706F7C44}.Release|Any CPU.Build.0 = Release|Any CPU
		{3B111CB9-93C4-4964-AA81-27ED706F7C44}.Release|x64.ActiveCfg = Release|Any CPU
		{3B111CB9-93C4-4964-AA81-27ED706F7C44}.Release|x64.Build.0 = Release|Any CPU
		{3B111CB9-93C4-4964-AA81-27ED706F7C44}.Release|x86.ActiveCfg = Release|Any CPU
		{3B111CB9-93C4-4964-AA81-27ED706F7C44}.Release|x86.Build.0 = Release|Any CPU
		{F808B75F-A62F-4823-9F92-CB931E6CAF16}.Debug|Any CPU.ActiveCfg = Debug|Any CPU
		{F808B75F-A62F-4823-9F92-CB931E6CAF16}.Debug|Any CPU.Build.0 = Debug|Any CPU
		{F808B75F-A62F-4823-9F92-CB931E6CAF16}.Debug|x64.ActiveCfg = Debug|Any CPU
		{F808B75F-A62F-4823-9F92-CB931E6CAF16}.Debug|x64.Build.0 = Debug|Any CPU
		{F808B75F-A62F-4823-9F92-CB931E6CAF16}.Debug|x86.ActiveCfg = Debug|Any CPU
		{F808B75F-A62F-4823-9F92-CB931E6CAF16}.Debug|x86.Build.0 = Debug|Any CPU
		{F808B75F-A62F-4823-9F92-CB931E6CAF16}.Release|Any CPU.ActiveCfg = Release|Any CPU
		{F808B75F-A62F-4823-9F92-CB931E6CAF16}.Release|Any CPU.Build.0 = Release|Any CPU
		{F808B75F-A62F-4823-9F92-CB931E6CAF16}.Release|x64.ActiveCfg = Release|Any CPU
		{F808B75F-A62F-4823-9F92-CB931E6CAF16}.Release|x64.Build.0 = Release|Any CPU
		{F808B75F-A62F-4823-9F92-CB931E6CAF16}.Release|x86.ActiveCfg = Release|Any CPU
		{F808B75F-A62F-4823-9F92-CB931E6CAF16}.Release|x86.Build.0 = Release|Any CPU
		{6CBF0363-EB58-47F7-B899-B1C5914A1125}.Debug|Any CPU.ActiveCfg = Debug|Any CPU
		{6CBF0363-EB58-47F7-B899-B1C5914A1125}.Debug|Any CPU.Build.0 = Debug|Any CPU
		{6CBF0363-EB58-47F7-B899-B1C5914A1125}.Debug|x64.ActiveCfg = Debug|Any CPU
		{6CBF0363-EB58-47F7-B899-B1C5914A1125}.Debug|x64.Build.0 = Debug|Any CPU
		{6CBF0363-EB58-47F7-B899-B1C5914A1125}.Debug|x86.ActiveCfg = Debug|Any CPU
		{6CBF0363-EB58-47F7-B899-B1C5914A1125}.Debug|x86.Build.0 = Debug|Any CPU
		{6CBF0363-EB58-47F7-B899-B1C5914A1125}.Release|Any CPU.ActiveCfg = Release|Any CPU
		{6CBF0363-EB58-47F7-B899-B1C5914A1125}.Release|Any CPU.Build.0 = Release|Any CPU
		{6CBF0363-EB58-47F7-B899-B1C5914A1125}.Release|x64.ActiveCfg = Release|Any CPU
		{6CBF0363-EB58-47F7-B899-B1C5914A1125}.Release|x64.Build.0 = Release|Any CPU
		{6CBF0363-EB58-47F7-B899-B1C5914A1125}.Release|x86.ActiveCfg = Release|Any CPU
		{6CBF0363-EB58-47F7-B899-B1C5914A1125}.Release|x86.Build.0 = Release|Any CPU
		{FFAE74F1-C9DD-4712-AAB5-52B8B29AF082}.Debug|Any CPU.ActiveCfg = Debug|Any CPU
		{FFAE74F1-C9DD-4712-AAB5-52B8B29AF082}.Debug|Any CPU.Build.0 = Debug|Any CPU
		{FFAE74F1-C9DD-4712-AAB5-52B8B29AF082}.Debug|x64.ActiveCfg = Debug|Any CPU
		{FFAE74F1-C9DD-4712-AAB5-52B8B29AF082}.Debug|x64.Build.0 = Debug|Any CPU
		{FFAE74F1-C9DD-4712-AAB5-52B8B29AF082}.Debug|x86.ActiveCfg = Debug|Any CPU
		{FFAE74F1-C9DD-4712-AAB5-52B8B29AF082}.Debug|x86.Build.0 = Debug|Any CPU
		{FFAE74F1-C9DD-4712-AAB5-52B8B29AF082}.Release|Any CPU.ActiveCfg = Release|Any CPU
		{FFAE74F1-C9DD-4712-AAB5-52B8B29AF082}.Release|Any CPU.Build.0 = Release|Any CPU
		{FFAE74F1-C9DD-4712-AAB5-52B8B29AF082}.Release|x64.ActiveCfg = Release|Any CPU
		{FFAE74F1-C9DD-4712-AAB5-52B8B29AF082}.Release|x64.Build.0 = Release|Any CPU
		{FFAE74F1-C9DD-4712-AAB5-52B8B29AF082}.Release|x86.ActiveCfg = Release|Any CPU
		{FFAE74F1-C9DD-4712-AAB5-52B8B29AF082}.Release|x86.Build.0 = Release|Any CPU
		{C6F6EC20-18BA-4755-B745-055511468700}.Debug|Any CPU.ActiveCfg = Debug|Any CPU
		{C6F6EC20-18BA-4755-B745-055511468700}.Debug|Any CPU.Build.0 = Debug|Any CPU
		{C6F6EC20-18BA-4755-B745-055511468700}.Debug|x64.ActiveCfg = Debug|Any CPU
		{C6F6EC20-18BA-4755-B745-055511468700}.Debug|x64.Build.0 = Debug|Any CPU
		{C6F6EC20-18BA-4755-B745-055511468700}.Debug|x86.ActiveCfg = Debug|Any CPU
		{C6F6EC20-18BA-4755-B745-055511468700}.Debug|x86.Build.0 = Debug|Any CPU
		{C6F6EC20-18BA-4755-B745-055511468700}.Release|Any CPU.ActiveCfg = Release|Any CPU
		{C6F6EC20-18BA-4755-B745-055511468700}.Release|Any CPU.Build.0 = Release|Any CPU
		{C6F6EC20-18BA-4755-B745-055511468700}.Release|x64.ActiveCfg = Release|Any CPU
		{C6F6EC20-18BA-4755-B745-055511468700}.Release|x64.Build.0 = Release|Any CPU
		{C6F6EC20-18BA-4755-B745-055511468700}.Release|x86.ActiveCfg = Release|Any CPU
		{C6F6EC20-18BA-4755-B745-055511468700}.Release|x86.Build.0 = Release|Any CPU
		{00BC4BBE-05D7-427E-9471-647D6535F045}.Debug|Any CPU.ActiveCfg = Debug|Any CPU
		{00BC4BBE-05D7-427E-9471-647D6535F045}.Debug|Any CPU.Build.0 = Debug|Any CPU
		{00BC4BBE-05D7-427E-9471-647D6535F045}.Debug|x64.ActiveCfg = Debug|Any CPU
		{00BC4BBE-05D7-427E-9471-647D6535F045}.Debug|x64.Build.0 = Debug|Any CPU
		{00BC4BBE-05D7-427E-9471-647D6535F045}.Debug|x86.ActiveCfg = Debug|Any CPU
		{00BC4BBE-05D7-427E-9471-647D6535F045}.Debug|x86.Build.0 = Debug|Any CPU
		{00BC4BBE-05D7-427E-9471-647D6535F045}.Release|Any CPU.ActiveCfg = Release|Any CPU
		{00BC4BBE-05D7-427E-9471-647D6535F045}.Release|Any CPU.Build.0 = Release|Any CPU
		{00BC4BBE-05D7-427E-9471-647D6535F045}.Release|x64.ActiveCfg = Release|Any CPU
		{00BC4BBE-05D7-427E-9471-647D6535F045}.Release|x64.Build.0 = Release|Any CPU
		{00BC4BBE-05D7-427E-9471-647D6535F045}.Release|x86.ActiveCfg = Release|Any CPU
		{00BC4BBE-05D7-427E-9471-647D6535F045}.Release|x86.Build.0 = Release|Any CPU
		{A0951BC0-2C32-4526-A2E2-966D4241FC23}.Debug|Any CPU.ActiveCfg = Debug|Any CPU
		{A0951BC0-2C32-4526-A2E2-966D4241FC23}.Debug|Any CPU.Build.0 = Debug|Any CPU
		{A0951BC0-2C32-4526-A2E2-966D4241FC23}.Debug|x64.ActiveCfg = Debug|Any CPU
		{A0951BC0-2C32-4526-A2E2-966D4241FC23}.Debug|x64.Build.0 = Debug|Any CPU
		{A0951BC0-2C32-4526-A2E2-966D4241FC23}.Debug|x86.ActiveCfg = Debug|Any CPU
		{A0951BC0-2C32-4526-A2E2-966D4241FC23}.Debug|x86.Build.0 = Debug|Any CPU
		{A0951BC0-2C32-4526-A2E2-966D4241FC23}.Release|Any CPU.ActiveCfg = Release|Any CPU
		{A0951BC0-2C32-4526-A2E2-966D4241FC23}.Release|Any CPU.Build.0 = Release|Any CPU
		{A0951BC0-2C32-4526-A2E2-966D4241FC23}.Release|x64.ActiveCfg = Release|Any CPU
		{A0951BC0-2C32-4526-A2E2-966D4241FC23}.Release|x64.Build.0 = Release|Any CPU
		{A0951BC0-2C32-4526-A2E2-966D4241FC23}.Release|x86.ActiveCfg = Release|Any CPU
		{A0951BC0-2C32-4526-A2E2-966D4241FC23}.Release|x86.Build.0 = Release|Any CPU
		{8FA7470D-E3F8-4CD3-BA96-484C7637F4DB}.Debug|Any CPU.ActiveCfg = Debug|Any CPU
		{8FA7470D-E3F8-4CD3-BA96-484C7637F4DB}.Debug|Any CPU.Build.0 = Debug|Any CPU
		{8FA7470D-E3F8-4CD3-BA96-484C7637F4DB}.Debug|x64.ActiveCfg = Debug|Any CPU
		{8FA7470D-E3F8-4CD3-BA96-484C7637F4DB}.Debug|x64.Build.0 = Debug|Any CPU
		{8FA7470D-E3F8-4CD3-BA96-484C7637F4DB}.Debug|x86.ActiveCfg = Debug|Any CPU
		{8FA7470D-E3F8-4CD3-BA96-484C7637F4DB}.Debug|x86.Build.0 = Debug|Any CPU
		{8FA7470D-E3F8-4CD3-BA96-484C7637F4DB}.Release|Any CPU.ActiveCfg = Release|Any CPU
		{8FA7470D-E3F8-4CD3-BA96-484C7637F4DB}.Release|Any CPU.Build.0 = Release|Any CPU
		{8FA7470D-E3F8-4CD3-BA96-484C7637F4DB}.Release|x64.ActiveCfg = Release|Any CPU
		{8FA7470D-E3F8-4CD3-BA96-484C7637F4DB}.Release|x64.Build.0 = Release|Any CPU
		{8FA7470D-E3F8-4CD3-BA96-484C7637F4DB}.Release|x86.ActiveCfg = Release|Any CPU
		{8FA7470D-E3F8-4CD3-BA96-484C7637F4DB}.Release|x86.Build.0 = Release|Any CPU
		{5B850CB2-6ECF-438E-B0D9-BE867720CCAB}.Debug|Any CPU.ActiveCfg = Debug|Any CPU
		{5B850CB2-6ECF-438E-B0D9-BE867720CCAB}.Debug|Any CPU.Build.0 = Debug|Any CPU
		{5B850CB2-6ECF-438E-B0D9-BE867720CCAB}.Debug|x64.ActiveCfg = Debug|Any CPU
		{5B850CB2-6ECF-438E-B0D9-BE867720CCAB}.Debug|x64.Build.0 = Debug|Any CPU
		{5B850CB2-6ECF-438E-B0D9-BE867720CCAB}.Debug|x86.ActiveCfg = Debug|Any CPU
		{5B850CB2-6ECF-438E-B0D9-BE867720CCAB}.Debug|x86.Build.0 = Debug|Any CPU
		{5B850CB2-6ECF-438E-B0D9-BE867720CCAB}.Release|Any CPU.ActiveCfg = Release|Any CPU
		{5B850CB2-6ECF-438E-B0D9-BE867720CCAB}.Release|Any CPU.Build.0 = Release|Any CPU
		{5B850CB2-6ECF-438E-B0D9-BE867720CCAB}.Release|x64.ActiveCfg = Release|Any CPU
		{5B850CB2-6ECF-438E-B0D9-BE867720CCAB}.Release|x64.Build.0 = Release|Any CPU
		{5B850CB2-6ECF-438E-B0D9-BE867720CCAB}.Release|x86.ActiveCfg = Release|Any CPU
		{5B850CB2-6ECF-438E-B0D9-BE867720CCAB}.Release|x86.Build.0 = Release|Any CPU
		{4EF592AC-685E-4CFD-A57D-762861F6E713}.Debug|Any CPU.ActiveCfg = Debug|Any CPU
		{4EF592AC-685E-4CFD-A57D-762861F6E713}.Debug|Any CPU.Build.0 = Debug|Any CPU
		{4EF592AC-685E-4CFD-A57D-762861F6E713}.Debug|x64.ActiveCfg = Debug|Any CPU
		{4EF592AC-685E-4CFD-A57D-762861F6E713}.Debug|x64.Build.0 = Debug|Any CPU
		{4EF592AC-685E-4CFD-A57D-762861F6E713}.Debug|x86.ActiveCfg = Debug|Any CPU
		{4EF592AC-685E-4CFD-A57D-762861F6E713}.Debug|x86.Build.0 = Debug|Any CPU
		{4EF592AC-685E-4CFD-A57D-762861F6E713}.Release|Any CPU.ActiveCfg = Release|Any CPU
		{4EF592AC-685E-4CFD-A57D-762861F6E713}.Release|Any CPU.Build.0 = Release|Any CPU
		{4EF592AC-685E-4CFD-A57D-762861F6E713}.Release|x64.ActiveCfg = Release|Any CPU
		{4EF592AC-685E-4CFD-A57D-762861F6E713}.Release|x64.Build.0 = Release|Any CPU
		{4EF592AC-685E-4CFD-A57D-762861F6E713}.Release|x86.ActiveCfg = Release|Any CPU
		{4EF592AC-685E-4CFD-A57D-762861F6E713}.Release|x86.Build.0 = Release|Any CPU
		{3AD03BB6-C645-4109-A646-61615A561C31}.Debug|Any CPU.ActiveCfg = Debug|Any CPU
		{3AD03BB6-C645-4109-A646-61615A561C31}.Debug|Any CPU.Build.0 = Debug|Any CPU
		{3AD03BB6-C645-4109-A646-61615A561C31}.Debug|x64.ActiveCfg = Debug|Any CPU
		{3AD03BB6-C645-4109-A646-61615A561C31}.Debug|x64.Build.0 = Debug|Any CPU
		{3AD03BB6-C645-4109-A646-61615A561C31}.Debug|x86.ActiveCfg = Debug|Any CPU
		{3AD03BB6-C645-4109-A646-61615A561C31}.Debug|x86.Build.0 = Debug|Any CPU
		{3AD03BB6-C645-4109-A646-61615A561C31}.Release|Any CPU.ActiveCfg = Release|Any CPU
		{3AD03BB6-C645-4109-A646-61615A561C31}.Release|Any CPU.Build.0 = Release|Any CPU
		{3AD03BB6-C645-4109-A646-61615A561C31}.Release|x64.ActiveCfg = Release|Any CPU
		{3AD03BB6-C645-4109-A646-61615A561C31}.Release|x64.Build.0 = Release|Any CPU
		{3AD03BB6-C645-4109-A646-61615A561C31}.Release|x86.ActiveCfg = Release|Any CPU
		{3AD03BB6-C645-4109-A646-61615A561C31}.Release|x86.Build.0 = Release|Any CPU
		{E90D4AD7-2A2A-4251-A006-2D881625A420}.Debug|Any CPU.ActiveCfg = Debug|Any CPU
		{E90D4AD7-2A2A-4251-A006-2D881625A420}.Debug|Any CPU.Build.0 = Debug|Any CPU
		{E90D4AD7-2A2A-4251-A006-2D881625A420}.Debug|x64.ActiveCfg = Debug|Any CPU
		{E90D4AD7-2A2A-4251-A006-2D881625A420}.Debug|x64.Build.0 = Debug|Any CPU
		{E90D4AD7-2A2A-4251-A006-2D881625A420}.Debug|x86.ActiveCfg = Debug|Any CPU
		{E90D4AD7-2A2A-4251-A006-2D881625A420}.Debug|x86.Build.0 = Debug|Any CPU
		{E90D4AD7-2A2A-4251-A006-2D881625A420}.Release|Any CPU.ActiveCfg = Release|Any CPU
		{E90D4AD7-2A2A-4251-A006-2D881625A420}.Release|Any CPU.Build.0 = Release|Any CPU
		{E90D4AD7-2A2A-4251-A006-2D881625A420}.Release|x64.ActiveCfg = Release|Any CPU
		{E90D4AD7-2A2A-4251-A006-2D881625A420}.Release|x64.Build.0 = Release|Any CPU
		{E90D4AD7-2A2A-4251-A006-2D881625A420}.Release|x86.ActiveCfg = Release|Any CPU
		{E90D4AD7-2A2A-4251-A006-2D881625A420}.Release|x86.Build.0 = Release|Any CPU
	EndGlobalSection
	GlobalSection(SolutionProperties) = preSolution
		HideSolutionNode = FALSE
	EndGlobalSection
	GlobalSection(NestedProjects) = preSolution
		{ABD392E9-91AD-4490-89F8-A65F399DBB64} = {322575D6-175A-4763-938D-75F2C54F6F59}
		{87887B92-B621-4565-B812-6A5D11F2A3DC} = {456228CE-35FC-4FE3-89B6-1246B8BD821D}
		{C3A338F8-55F6-4CBD-9697-2DB5A398C554} = {322575D6-175A-4763-938D-75F2C54F6F59}
		{E0711002-D981-47AF-8D0F-A822996C84A3} = {322575D6-175A-4763-938D-75F2C54F6F59}
		{A5D3B098-E651-4696-A791-D1E00712A986} = {322575D6-175A-4763-938D-75F2C54F6F59}
		{C73D8B91-4241-4C73-8B03-439A25F0CC8D} = {C3A338F8-55F6-4CBD-9697-2DB5A398C554}
		{162D5DC4-266C-4665-96B8-BF56615E7F0D} = {E0711002-D981-47AF-8D0F-A822996C84A3}
		{3B111CB9-93C4-4964-AA81-27ED706F7C44} = {A5D3B098-E651-4696-A791-D1E00712A986}
		{F808B75F-A62F-4823-9F92-CB931E6CAF16} = {02EA681E-C7D8-13C7-8484-4AC65E1B71E8}
		{6CBF0363-EB58-47F7-B899-B1C5914A1125} = {456228CE-35FC-4FE3-89B6-1246B8BD821D}
		{FFAE74F1-C9DD-4712-AAB5-52B8B29AF082} = {456228CE-35FC-4FE3-89B6-1246B8BD821D}
		{C6F6EC20-18BA-4755-B745-055511468700} = {456228CE-35FC-4FE3-89B6-1246B8BD821D}
		{456228CE-35FC-4FE3-89B6-1246B8BD821D} = {ABD392E9-91AD-4490-89F8-A65F399DBB64}
		{D5EFF528-E0E9-426A-831A-F0581851E215} = {ABD392E9-91AD-4490-89F8-A65F399DBB64}
		{00BC4BBE-05D7-427E-9471-647D6535F045} = {4F52FD11-658E-A102-6CD3-7D7C16FFA15B}
		{A0951BC0-2C32-4526-A2E2-966D4241FC23} = {A5D3B098-E651-4696-A791-D1E00712A986}
		{8FA7470D-E3F8-4CD3-BA96-484C7637F4DB} = {A5D3B098-E651-4696-A791-D1E00712A986}
		{5B850CB2-6ECF-438E-B0D9-BE867720CCAB} = {A5D3B098-E651-4696-A791-D1E00712A986}
		{4EF592AC-685E-4CFD-A57D-762861F6E713} = {C3A338F8-55F6-4CBD-9697-2DB5A398C554}
		{3AD03BB6-C645-4109-A646-61615A561C31} = {C3A338F8-55F6-4CBD-9697-2DB5A398C554}
		{E90D4AD7-2A2A-4251-A006-2D881625A420} = {C3A338F8-55F6-4CBD-9697-2DB5A398C554}
	EndGlobalSection
	GlobalSection(ExtensibilityGlobals) = postSolution
		SolutionGuid = {6338F6FC-4840-4C7F-A6E3-DCDB9777FB51}
	EndGlobalSection
EndGlobal
